<?xml version="1.0" encoding="utf-8"?>
<Project ToolsVersion="4.0" xmlns="http://schemas.microsoft.com/developer/msbuild/2003">
  <ItemGroup>
    <Filter Include="Source Files">
      <UniqueIdentifier>{4FC737F1-C7A5-4376-A066-2A32D752A2FF}</UniqueIdentifier>
      <Extensions>cpp;c;cc;cxx;c++;cppm;ixx;def;odl;idl;hpj;bat;asm;asmx</Extensions>
    </Filter>
    <Filter Include="Header Files">
      <UniqueIdentifier>{93995380-89BD-4b04-88EB-625FBE52EBFB}</UniqueIdentifier>
      <Extensions>h;hh;hpp;hxx;h++;hm;inl;inc;ipp;xsd</Extensions>
    </Filter>
    <Filter Include="Resource Files">
      <UniqueIdentifier>{67DA6AB6-F800-4c08-8B7A-83BB121AAD01}</UniqueIdentifier>
      <Extensions>rc;ico;cur;bmp;dlg;rc2;rct;bin;rgs;gif;jpg;jpeg;jpe;resx;tiff;tif;png;wav;mfcribbon-ms</Extensions>
    </Filter>
  </ItemGroup>
  <ItemGroup>
    <ClCompile Include="Mang1chieu.c">
      <Filter>Source Files</Filter>
    </ClCompile>
    <ClCompile Include="Mang1chieu.2.c">
      <Filter>Source Files</Filter>
    </ClCompile>
    <ClCompile Include="Mang1chieu.3.c">
      <Filter>Source Files</Filter>
    </ClCompile>
    <ClCompile Include="Mang1chieu.4.c">
      <Filter>Source Files</Filter>
    </ClCompile>
    <ClCompile Include="Tongchanlemang1chieu.c">
      <Filter>Source Files</Filter>
    </ClCompile>
    <ClCompile Include="MaxMinofArray.c">
      <Filter>Source Files</Filter>
    </ClCompile>
    <ClCompile Include="Timvitrisolonnhat.c">
      <Filter>Source Files</Filter>
    </ClCompile>
    <ClCompile Include="lietkesonguyento.cpp">
      <Filter>Source Files</Filter>
    </ClCompile>
    <ClCompile Include="BubbleSort.cpp">
      <Filter>Source Files</Filter>
    </ClCompile>
    <ClCompile Include="thuattoansapxepchon.cpp">
      <Filter>Source Files</Filter>
    </ClCompile>
    <ClCompile Include="insertionsort.cpp">
      <Filter>Source Files</Filter>
    </ClCompile>
    <ClCompile Include="timkiemtuyentinh.cpp">
      <Filter>Source Files</Filter>
    </ClCompile>
    <ClCompile Include="timkiemnhiphan.cpp">
      <Filter>Source Files</Filter>
    </ClCompile>
    <ClCompile Include="Solonthuhai.cpp">
      <Filter>Source Files</Filter>
    </ClCompile>
    <ClCompile Include="thembotphantu.cpp">
      <Filter>Source Files</Filter>
    </ClCompile>
    <ClCompile Include="Tính trung bình cộng các số lẻ ở vị trí chẵn.cpp">
      <Filter>Source Files</Filter>
    </ClCompile>
    <ClCompile Include="Tim so lon nhat trong mang vua nhap.cpp">
      <Filter>Source Files</Filter>
    </ClCompile>
    <ClCompile Include="Tim vi tri cac so nho nhat trong mang.cpp">
      <Filter>Source Files</Filter>
    </ClCompile>
    <ClCompile Include="Dem cac so chinh phuong co trong mang.cpp">
      <Filter>Source Files</Filter>
    </ClCompile>
    <ClCompile Include="thaythesoam.cpp">
      <Filter>Source Files</Filter>
    </ClCompile>
    <ClCompile Include="Sắp xếp dãy số theo giá trị các phần tử tăng dần.cpp">
      <Filter>Source Files</Filter>
    </ClCompile>
  </ItemGroup>
</Project>